
Microsoft Visual Studio Solution File, Format Version 12.00
# Visual Studio Version 16
VisualStudioVersion = 16.0.30114.105
MinimumVisualStudioVersion = 10.0.40219.1
Project("{FAE04EC0-301F-11D3-BF4B-00C04F79EFBC}") = "DisconnectEg", "DisconnectEg\DisconnectEg.csproj", "{EDC314FF-10D5-4AF9-A02D-7AF8C866BB14}"
EndProject
Global
	GlobalSection(SolutionConfigurationPlatforms) = preSolution
		Debug|Any CPU = Debug|Any CPU
		Release|Any CPU = Release|Any CPU
	EndGlobalSection
	GlobalSection(ProjectConfigurationPlatforms) = postSolution
		{EDC314FF-10D5-4AF9-A02D-7AF8C866BB14}.Debug|Any CPU.ActiveCfg = Debug|Any CPU
		{EDC314FF-10D5-4AF9-A02D-7AF8C866BB14}.Debug|Any CPU.Build.0 = Debug|Any CPU
		{EDC314FF-10D5-4AF9-A02D-7AF8C866BB14}.Release|Any CPU.ActiveCfg = Release|Any CPU
		{EDC314FF-10D5-4AF9-A02D-7AF8C866BB14}.Release|Any CPU.Build.0 = Release|Any CPU
	EndGlobalSection
	GlobalSection(SolutionProperties) = preSolution
		HideSolutionNode = FALSE
	EndGlobalSection
	GlobalSection(ExtensibilityGlobals) = postSolution
		SolutionGuid = {49DB05A2-4D78-4A59-8819-B3C646736239}
	EndGlobalSection
EndGlobal
