
Microsoft Visual Studio Solution File, Format Version 12.00
# Visual Studio Version 16
VisualStudioVersion = 16.0.30114.105
MinimumVisualStudioVersion = 10.0.40219.1
Project("{FAE04EC0-301F-11D3-BF4B-00C04F79EFBC}") = "Transcope", "Transcope\Transcope.csproj", "{1E777FC9-4408-4C00-A6D8-D9203488AA67}"
EndProject
Global
	GlobalSection(SolutionConfigurationPlatforms) = preSolution
		Debug|Any CPU = Debug|Any CPU
		Release|Any CPU = Release|Any CPU
	EndGlobalSection
	GlobalSection(ProjectConfigurationPlatforms) = postSolution
		{1E777FC9-4408-4C00-A6D8-D9203488AA67}.Debug|Any CPU.ActiveCfg = Debug|Any CPU
		{1E777FC9-4408-4C00-A6D8-D9203488AA67}.Debug|Any CPU.Build.0 = Debug|Any CPU
		{1E777FC9-4408-4C00-A6D8-D9203488AA67}.Release|Any CPU.ActiveCfg = Release|Any CPU
		{1E777FC9-4408-4C00-A6D8-D9203488AA67}.Release|Any CPU.Build.0 = Release|Any CPU
	EndGlobalSection
	GlobalSection(SolutionProperties) = preSolution
		HideSolutionNode = FALSE
	EndGlobalSection
	GlobalSection(ExtensibilityGlobals) = postSolution
		SolutionGuid = {09EF6229-7D68-4E90-9496-57BBD6244644}
	EndGlobalSection
EndGlobal
