
Microsoft Visual Studio Solution File, Format Version 12.00
# Visual Studio Version 16
VisualStudioVersion = 16.0.30114.105
MinimumVisualStudioVersion = 10.0.40219.1
Project("{FAE04EC0-301F-11D3-BF4B-00C04F79EFBC}") = "Day7App", "Day7App\Day7App.csproj", "{10244292-4FC2-449F-8810-590ED2E2AB9B}"
EndProject
Global
	GlobalSection(SolutionConfigurationPlatforms) = preSolution
		Debug|Any CPU = Debug|Any CPU
		Release|Any CPU = Release|Any CPU
	EndGlobalSection
	GlobalSection(ProjectConfigurationPlatforms) = postSolution
		{10244292-4FC2-449F-8810-590ED2E2AB9B}.Debug|Any CPU.ActiveCfg = Debug|Any CPU
		{10244292-4FC2-449F-8810-590ED2E2AB9B}.Debug|Any CPU.Build.0 = Debug|Any CPU
		{10244292-4FC2-449F-8810-590ED2E2AB9B}.Release|Any CPU.ActiveCfg = Release|Any CPU
		{10244292-4FC2-449F-8810-590ED2E2AB9B}.Release|Any CPU.Build.0 = Release|Any CPU
	EndGlobalSection
	GlobalSection(SolutionProperties) = preSolution
		HideSolutionNode = FALSE
	EndGlobalSection
	GlobalSection(ExtensibilityGlobals) = postSolution
		SolutionGuid = {51DF7DE8-1CB5-40D6-890F-C1B77AE763A2}
	EndGlobalSection
EndGlobal
